
Microsoft Visual Studio Solution File, Format Version 12.00
# Visual Studio Version 16
VisualStudioVersion = 16.0.29926.136
MinimumVisualStudioVersion = 10.0.40219.1
Project("{00D1A9C2-B5F0-4AF3-8072-F6C62B433612}") = "DacPacTest", "DacPacTest.sqlproj", "{C0A4BA3D-3E0B-47FB-861B-FEEFE66B0278}"
EndProject
Project("{00D1A9C2-B5F0-4AF3-8072-F6C62B433612}") = "DacPacTest2", "..\DacPacTest2\DacPacTest2.sqlproj", "{E83D8CBE-B681-492E-B967-5BF01F150FD8}"
EndProject
Global
	GlobalSection(SolutionConfigurationPlatforms) = preSolution
		Debug|Any CPU = Debug|Any CPU
		Release|Any CPU = Release|Any CPU
	EndGlobalSection
	GlobalSection(ProjectConfigurationPlatforms) = postSolution
		{C0A4BA3D-3E0B-47FB-861B-FEEFE66B0278}.Debug|Any CPU.ActiveCfg = Debug|Any CPU
		{C0A4BA3D-3E0B-47FB-861B-FEEFE66B0278}.Debug|Any CPU.Build.0 = Debug|Any CPU
		{C0A4BA3D-3E0B-47FB-861B-FEEFE66B0278}.Debug|Any CPU.Deploy.0 = Debug|Any CPU
		{C0A4BA3D-3E0B-47FB-861B-FEEFE66B0278}.Release|Any CPU.ActiveCfg = Release|Any CPU
		{C0A4BA3D-3E0B-47FB-861B-FEEFE66B0278}.Release|Any CPU.Build.0 = Release|Any CPU
		{C0A4BA3D-3E0B-47FB-861B-FEEFE66B0278}.Release|Any CPU.Deploy.0 = Release|Any CPU
		{E83D8CBE-B681-492E-B967-5BF01F150FD8}.Debug|Any CPU.ActiveCfg = Debug|Any CPU
		{E83D8CBE-B681-492E-B967-5BF01F150FD8}.Debug|Any CPU.Build.0 = Debug|Any CPU
		{E83D8CBE-B681-492E-B967-5BF01F150FD8}.Debug|Any CPU.Deploy.0 = Debug|Any CPU
		{E83D8CBE-B681-492E-B967-5BF01F150FD8}.Release|Any CPU.ActiveCfg = Release|Any CPU
		{E83D8CBE-B681-492E-B967-5BF01F150FD8}.Release|Any CPU.Build.0 = Release|Any CPU
		{E83D8CBE-B681-492E-B967-5BF01F150FD8}.Release|Any CPU.Deploy.0 = Release|Any CPU
	EndGlobalSection
	GlobalSection(SolutionProperties) = preSolution
		HideSolutionNode = FALSE
	EndGlobalSection
	GlobalSection(ExtensibilityGlobals) = postSolution
		SolutionGuid = {62AB6A56-A0C2-42D8-AF9A-BAB0BC470BEB}
	EndGlobalSection
EndGlobal
